
Microsoft Visual Studio Solution File, Format Version 12.00
# Visual Studio Version 16
VisualStudioVersion = 16.0.30517.126
MinimumVisualStudioVersion = 10.0.40219.1
Project("{FAE04EC0-301F-11D3-BF4B-00C04F79EFBC}") = "PlanetGenerator", "PlanetGenerator\PlanetGenerator.csproj", "{BE858CC0-309A-49EF-8A4D-2D62FE1ADB66}"
EndProject
Global
	GlobalSection(SolutionConfigurationPlatforms) = preSolution
		Debug|Any CPU = Debug|Any CPU
		Release|Any CPU = Release|Any CPU
	EndGlobalSection
	GlobalSection(ProjectConfigurationPlatforms) = postSolution
		{BE858CC0-309A-49EF-8A4D-2D62FE1ADB66}.Debug|Any CPU.ActiveCfg = Debug|Any CPU
		{BE858CC0-309A-49EF-8A4D-2D62FE1ADB66}.Debug|Any CPU.Build.0 = Debug|Any CPU
		{BE858CC0-309A-49EF-8A4D-2D62FE1ADB66}.Release|Any CPU.ActiveCfg = Release|Any CPU
		{BE858CC0-309A-49EF-8A4D-2D62FE1ADB66}.Release|Any CPU.Build.0 = Release|Any CPU
	EndGlobalSection
	GlobalSection(SolutionProperties) = preSolution
		HideSolutionNode = FALSE
	EndGlobalSection
	GlobalSection(ExtensibilityGlobals) = postSolution
		SolutionGuid = {D66A987D-C454-4AFB-A543-2AA2E171A9F1}
	EndGlobalSection
EndGlobal
